
Microsoft Visual Studio Solution File, Format Version 12.00
# Visual Studio Version 16
VisualStudioVersion = 16.0.32630.194
MinimumVisualStudioVersion = 10.0.40219.1
Project("{9A19103F-16F7-4668-BE54-9A1E7A4F7556}") = "TowerDefense_TheRPG", "TowerDefense_TheRPG\TowerDefense_TheRPG.csproj", "{FB25A01E-C781-48F6-ABB3-6662AFEEF8DB}"
	ProjectSection(ProjectDependencies) = postProject
		{FBEC2586-624A-41D3-8643-FADC1F6D3878} = {FBEC2586-624A-41D3-8643-FADC1F6D3878}
	EndProjectSection
EndProject
Project("{9A19103F-16F7-4668-BE54-9A1E7A4F7556}") = "TDRPGCode", "TDRPGCode\TDRPGCode.csproj", "{FBEC2586-624A-41D3-8643-FADC1F6D3878}"
EndProject
Global
	GlobalSection(SolutionConfigurationPlatforms) = preSolution
		Debug|Any CPU = Debug|Any CPU
		Release|Any CPU = Release|Any CPU
	EndGlobalSection
	GlobalSection(ProjectConfigurationPlatforms) = postSolution
		{FB25A01E-C781-48F6-ABB3-6662AFEEF8DB}.Debug|Any CPU.ActiveCfg = Debug|Any CPU
		{FB25A01E-C781-48F6-ABB3-6662AFEEF8DB}.Debug|Any CPU.Build.0 = Debug|Any CPU
		{FB25A01E-C781-48F6-ABB3-6662AFEEF8DB}.Release|Any CPU.ActiveCfg = Release|Any CPU
		{FB25A01E-C781-48F6-ABB3-6662AFEEF8DB}.Release|Any CPU.Build.0 = Release|Any CPU
		{FBEC2586-624A-41D3-8643-FADC1F6D3878}.Debug|Any CPU.ActiveCfg = Debug|Any CPU
		{FBEC2586-624A-41D3-8643-FADC1F6D3878}.Debug|Any CPU.Build.0 = Debug|Any CPU
		{FBEC2586-624A-41D3-8643-FADC1F6D3878}.Release|Any CPU.ActiveCfg = Release|Any CPU
		{FBEC2586-624A-41D3-8643-FADC1F6D3878}.Release|Any CPU.Build.0 = Release|Any CPU
	EndGlobalSection
	GlobalSection(SolutionProperties) = preSolution
		HideSolutionNode = FALSE
	EndGlobalSection
	GlobalSection(ExtensibilityGlobals) = postSolution
		SolutionGuid = {794530AD-A68A-4909-B77D-A422DFEF4556}
	EndGlobalSection
EndGlobal
